
Microsoft Visual Studio Solution File, Format Version 12.00
Project("{FAE04EC0-301F-11D3-BF4B-00C04F79EFBC}") = "KBDiscordUpdateLog", "KBDiscordUpdateLog\KBDiscordUpdateLog.csproj", "{41371A3B-C4B2-4606-BDB8-D5DBEF1298EA}"
EndProject
Global
	GlobalSection(SolutionConfigurationPlatforms) = preSolution
		Debug|Any CPU = Debug|Any CPU
		Release|Any CPU = Release|Any CPU
	EndGlobalSection
	GlobalSection(ProjectConfigurationPlatforms) = postSolution
		{41371A3B-C4B2-4606-BDB8-D5DBEF1298EA}.Debug|Any CPU.ActiveCfg = Debug|Any CPU
		{41371A3B-C4B2-4606-BDB8-D5DBEF1298EA}.Debug|Any CPU.Build.0 = Debug|Any CPU
		{41371A3B-C4B2-4606-BDB8-D5DBEF1298EA}.Release|Any CPU.ActiveCfg = Release|Any CPU
		{41371A3B-C4B2-4606-BDB8-D5DBEF1298EA}.Release|Any CPU.Build.0 = Release|Any CPU
	EndGlobalSection
EndGlobal
